
Microsoft Visual Studio Solution File, Format Version 12.00
# Visual Studio Version 16
VisualStudioVersion = 16.0.31624.102
MinimumVisualStudioVersion = 10.0.40219.1
Project("{FAE04EC0-301F-11D3-BF4B-00C04F79EFBC}") = "MonAssembly", "MonAssembly\MonAssembly.csproj", "{CBE070A8-78EB-4342-9E85-614F77A2C702}"
EndProject
Global
	GlobalSection(SolutionConfigurationPlatforms) = preSolution
		Debug|Any CPU = Debug|Any CPU
		Release|Any CPU = Release|Any CPU
	EndGlobalSection
	GlobalSection(ProjectConfigurationPlatforms) = postSolution
		{CBE070A8-78EB-4342-9E85-614F77A2C702}.Debug|Any CPU.ActiveCfg = Debug|Any CPU
		{CBE070A8-78EB-4342-9E85-614F77A2C702}.Debug|Any CPU.Build.0 = Debug|Any CPU
		{CBE070A8-78EB-4342-9E85-614F77A2C702}.Release|Any CPU.ActiveCfg = Release|Any CPU
		{CBE070A8-78EB-4342-9E85-614F77A2C702}.Release|Any CPU.Build.0 = Release|Any CPU
	EndGlobalSection
	GlobalSection(SolutionProperties) = preSolution
		HideSolutionNode = FALSE
	EndGlobalSection
	GlobalSection(ExtensibilityGlobals) = postSolution
		SolutionGuid = {6103AB0B-5BD5-4B49-9C44-C3BA2A834A6A}
	EndGlobalSection
EndGlobal
