
Microsoft Visual Studio Solution File, Format Version 12.00
# Visual Studio Version 16
VisualStudioVersion = 16.0.31624.102
MinimumVisualStudioVersion = 10.0.40219.1
Project("{9A19103F-16F7-4668-BE54-9A1E7A4F7556}") = "CodeFirst_Demo", "CodeFirst_Demo\CodeFirst_Demo.csproj", "{4CF01579-DE84-43E2-BDC2-64076B6DC49B}"
EndProject
Global
	GlobalSection(SolutionConfigurationPlatforms) = preSolution
		Debug|Any CPU = Debug|Any CPU
		Release|Any CPU = Release|Any CPU
	EndGlobalSection
	GlobalSection(ProjectConfigurationPlatforms) = postSolution
		{4CF01579-DE84-43E2-BDC2-64076B6DC49B}.Debug|Any CPU.ActiveCfg = Debug|Any CPU
		{4CF01579-DE84-43E2-BDC2-64076B6DC49B}.Debug|Any CPU.Build.0 = Debug|Any CPU
		{4CF01579-DE84-43E2-BDC2-64076B6DC49B}.Release|Any CPU.ActiveCfg = Release|Any CPU
		{4CF01579-DE84-43E2-BDC2-64076B6DC49B}.Release|Any CPU.Build.0 = Release|Any CPU
	EndGlobalSection
	GlobalSection(SolutionProperties) = preSolution
		HideSolutionNode = FALSE
	EndGlobalSection
	GlobalSection(ExtensibilityGlobals) = postSolution
		SolutionGuid = {8DA199E6-BB4C-4149-A231-9B3936CBA380}
	EndGlobalSection
EndGlobal
