
Microsoft Visual Studio Solution File, Format Version 12.00
# Blend for Visual Studio Version 16
VisualStudioVersion = 16.0.31624.102
MinimumVisualStudioVersion = 10.0.40219.1
Project("{FAE04EC0-301F-11D3-BF4B-00C04F79EFBC}") = "ExoCalcul", "ExoCalcul\ExoCalcul.csproj", "{C3EE6AF6-8415-4038-9F65-355D0CEB6233}"
EndProject
Global
	GlobalSection(SolutionConfigurationPlatforms) = preSolution
		Debug|Any CPU = Debug|Any CPU
		Release|Any CPU = Release|Any CPU
	EndGlobalSection
	GlobalSection(ProjectConfigurationPlatforms) = postSolution
		{C3EE6AF6-8415-4038-9F65-355D0CEB6233}.Debug|Any CPU.ActiveCfg = Debug|Any CPU
		{C3EE6AF6-8415-4038-9F65-355D0CEB6233}.Debug|Any CPU.Build.0 = Debug|Any CPU
		{C3EE6AF6-8415-4038-9F65-355D0CEB6233}.Release|Any CPU.ActiveCfg = Release|Any CPU
		{C3EE6AF6-8415-4038-9F65-355D0CEB6233}.Release|Any CPU.Build.0 = Release|Any CPU
	EndGlobalSection
	GlobalSection(SolutionProperties) = preSolution
		HideSolutionNode = FALSE
	EndGlobalSection
	GlobalSection(ExtensibilityGlobals) = postSolution
		SolutionGuid = {C32B99EE-FD6E-498A-A80C-CD84332B1448}
	EndGlobalSection
EndGlobal
