
Microsoft Visual Studio Solution File, Format Version 12.00
# Visual Studio Version 16
VisualStudioVersion = 16.0.31624.102
MinimumVisualStudioVersion = 10.0.40219.1
Project("{9A19103F-16F7-4668-BE54-9A1E7A4F7556}") = "Chapitre1_structure_enum", "Chapitre1_structure_enum\Chapitre1_structure_enum.csproj", "{79E73488-E946-4E24-8DB1-386D40C32E5E}"
EndProject
Project("{FAE04EC0-301F-11D3-BF4B-00C04F79EFBC}") = "Exo1", "Exo1\Exo1.csproj", "{FC324029-B406-4273-8CFE-CEF61D80A60D}"
EndProject
Project("{FAE04EC0-301F-11D3-BF4B-00C04F79EFBC}") = "SurchargeOperateurs", "SurchargeOperateurs\SurchargeOperateurs.csproj", "{BB686085-3884-4114-A78B-E8F456EFF7C6}"
EndProject
Project("{FAE04EC0-301F-11D3-BF4B-00C04F79EFBC}") = "Chapitre2_Collection", "Chapitre2_Collection\Chapitre2_Collection.csproj", "{636A98BE-EFD8-4AD4-9CE6-BCA2BC125181}"
EndProject
Global
	GlobalSection(SolutionConfigurationPlatforms) = preSolution
		Debug|Any CPU = Debug|Any CPU
		Release|Any CPU = Release|Any CPU
	EndGlobalSection
	GlobalSection(ProjectConfigurationPlatforms) = postSolution
		{79E73488-E946-4E24-8DB1-386D40C32E5E}.Debug|Any CPU.ActiveCfg = Debug|Any CPU
		{79E73488-E946-4E24-8DB1-386D40C32E5E}.Debug|Any CPU.Build.0 = Debug|Any CPU
		{79E73488-E946-4E24-8DB1-386D40C32E5E}.Release|Any CPU.ActiveCfg = Release|Any CPU
		{79E73488-E946-4E24-8DB1-386D40C32E5E}.Release|Any CPU.Build.0 = Release|Any CPU
		{FC324029-B406-4273-8CFE-CEF61D80A60D}.Debug|Any CPU.ActiveCfg = Debug|Any CPU
		{FC324029-B406-4273-8CFE-CEF61D80A60D}.Debug|Any CPU.Build.0 = Debug|Any CPU
		{FC324029-B406-4273-8CFE-CEF61D80A60D}.Release|Any CPU.ActiveCfg = Release|Any CPU
		{FC324029-B406-4273-8CFE-CEF61D80A60D}.Release|Any CPU.Build.0 = Release|Any CPU
		{BB686085-3884-4114-A78B-E8F456EFF7C6}.Debug|Any CPU.ActiveCfg = Debug|Any CPU
		{BB686085-3884-4114-A78B-E8F456EFF7C6}.Debug|Any CPU.Build.0 = Debug|Any CPU
		{BB686085-3884-4114-A78B-E8F456EFF7C6}.Release|Any CPU.ActiveCfg = Release|Any CPU
		{BB686085-3884-4114-A78B-E8F456EFF7C6}.Release|Any CPU.Build.0 = Release|Any CPU
		{636A98BE-EFD8-4AD4-9CE6-BCA2BC125181}.Debug|Any CPU.ActiveCfg = Debug|Any CPU
		{636A98BE-EFD8-4AD4-9CE6-BCA2BC125181}.Debug|Any CPU.Build.0 = Debug|Any CPU
		{636A98BE-EFD8-4AD4-9CE6-BCA2BC125181}.Release|Any CPU.ActiveCfg = Release|Any CPU
		{636A98BE-EFD8-4AD4-9CE6-BCA2BC125181}.Release|Any CPU.Build.0 = Release|Any CPU
	EndGlobalSection
	GlobalSection(SolutionProperties) = preSolution
		HideSolutionNode = FALSE
	EndGlobalSection
	GlobalSection(ExtensibilityGlobals) = postSolution
		SolutionGuid = {C20CD591-E6A5-4832-AF61-558CFA283705}
	EndGlobalSection
EndGlobal
