
Microsoft Visual Studio Solution File, Format Version 12.00
# Blend for Visual Studio Version 16
VisualStudioVersion = 16.0.31624.102
MinimumVisualStudioVersion = 10.0.40219.1
Project("{FAE04EC0-301F-11D3-BF4B-00C04F79EFBC}") = "tp1", "tp1\tp1.csproj", "{32586607-7F95-4A03-BC02-124BAD4C9024}"
EndProject
Global
	GlobalSection(SolutionConfigurationPlatforms) = preSolution
		Debug|Any CPU = Debug|Any CPU
		Release|Any CPU = Release|Any CPU
	EndGlobalSection
	GlobalSection(ProjectConfigurationPlatforms) = postSolution
		{32586607-7F95-4A03-BC02-124BAD4C9024}.Debug|Any CPU.ActiveCfg = Debug|Any CPU
		{32586607-7F95-4A03-BC02-124BAD4C9024}.Debug|Any CPU.Build.0 = Debug|Any CPU
		{32586607-7F95-4A03-BC02-124BAD4C9024}.Release|Any CPU.ActiveCfg = Release|Any CPU
		{32586607-7F95-4A03-BC02-124BAD4C9024}.Release|Any CPU.Build.0 = Release|Any CPU
	EndGlobalSection
	GlobalSection(SolutionProperties) = preSolution
		HideSolutionNode = FALSE
	EndGlobalSection
	GlobalSection(ExtensibilityGlobals) = postSolution
		SolutionGuid = {2D26CE05-64C3-45FB-B8E5-C6395A745648}
	EndGlobalSection
EndGlobal
