
Microsoft Visual Studio Solution File, Format Version 12.00
# Blend for Visual Studio Version 16
VisualStudioVersion = 16.0.31624.102
MinimumVisualStudioVersion = 10.0.40219.1
Project("{FAE04EC0-301F-11D3-BF4B-00C04F79EFBC}") = "TP1_WPF", "TP1_WPF\TP1_WPF.csproj", "{FAB9A6FE-9380-4B34-A97F-5ADDDA063985}"
EndProject
Global
	GlobalSection(SolutionConfigurationPlatforms) = preSolution
		Debug|Any CPU = Debug|Any CPU
		Release|Any CPU = Release|Any CPU
	EndGlobalSection
	GlobalSection(ProjectConfigurationPlatforms) = postSolution
		{FAB9A6FE-9380-4B34-A97F-5ADDDA063985}.Debug|Any CPU.ActiveCfg = Debug|Any CPU
		{FAB9A6FE-9380-4B34-A97F-5ADDDA063985}.Debug|Any CPU.Build.0 = Debug|Any CPU
		{FAB9A6FE-9380-4B34-A97F-5ADDDA063985}.Release|Any CPU.ActiveCfg = Release|Any CPU
		{FAB9A6FE-9380-4B34-A97F-5ADDDA063985}.Release|Any CPU.Build.0 = Release|Any CPU
	EndGlobalSection
	GlobalSection(SolutionProperties) = preSolution
		HideSolutionNode = FALSE
	EndGlobalSection
	GlobalSection(ExtensibilityGlobals) = postSolution
		SolutionGuid = {E1B962FB-9802-497A-B04F-C64C0B55A534}
	EndGlobalSection
EndGlobal
