
Microsoft Visual Studio Solution File, Format Version 12.00
# Visual Studio Version 16
VisualStudioVersion = 16.0.31624.102
MinimumVisualStudioVersion = 10.0.40219.1
Project("{FAE04EC0-301F-11D3-BF4B-00C04F79EFBC}") = "Chapitre1_LesFichiers", "Chapitre1_LesFichiers\Chapitre1_LesFichiers.csproj", "{9F779608-7BEE-44B1-B671-1E00ECC9AE04}"
EndProject
Project("{FAE04EC0-301F-11D3-BF4B-00C04F79EFBC}") = "Serialization_Deserialization", "Serialization_Deserialization\Serialization_Deserialization.csproj", "{9DFA9894-61DC-4197-B8C3-A19C119400B8}"
EndProject
Project("{FAE04EC0-301F-11D3-BF4B-00C04F79EFBC}") = "Chapitre3_LesStrams", "Chapitre3_LesStrams\Chapitre3_LesStrams.csproj", "{81353B74-1400-4F1A-95D5-13DA3A8EF6AD}"
EndProject
Global
	GlobalSection(SolutionConfigurationPlatforms) = preSolution
		Debug|Any CPU = Debug|Any CPU
		Release|Any CPU = Release|Any CPU
	EndGlobalSection
	GlobalSection(ProjectConfigurationPlatforms) = postSolution
		{9F779608-7BEE-44B1-B671-1E00ECC9AE04}.Debug|Any CPU.ActiveCfg = Debug|Any CPU
		{9F779608-7BEE-44B1-B671-1E00ECC9AE04}.Debug|Any CPU.Build.0 = Debug|Any CPU
		{9F779608-7BEE-44B1-B671-1E00ECC9AE04}.Release|Any CPU.ActiveCfg = Release|Any CPU
		{9F779608-7BEE-44B1-B671-1E00ECC9AE04}.Release|Any CPU.Build.0 = Release|Any CPU
		{9DFA9894-61DC-4197-B8C3-A19C119400B8}.Debug|Any CPU.ActiveCfg = Debug|Any CPU
		{9DFA9894-61DC-4197-B8C3-A19C119400B8}.Debug|Any CPU.Build.0 = Debug|Any CPU
		{9DFA9894-61DC-4197-B8C3-A19C119400B8}.Release|Any CPU.ActiveCfg = Release|Any CPU
		{9DFA9894-61DC-4197-B8C3-A19C119400B8}.Release|Any CPU.Build.0 = Release|Any CPU
		{81353B74-1400-4F1A-95D5-13DA3A8EF6AD}.Debug|Any CPU.ActiveCfg = Debug|Any CPU
		{81353B74-1400-4F1A-95D5-13DA3A8EF6AD}.Debug|Any CPU.Build.0 = Debug|Any CPU
		{81353B74-1400-4F1A-95D5-13DA3A8EF6AD}.Release|Any CPU.ActiveCfg = Release|Any CPU
		{81353B74-1400-4F1A-95D5-13DA3A8EF6AD}.Release|Any CPU.Build.0 = Release|Any CPU
	EndGlobalSection
	GlobalSection(SolutionProperties) = preSolution
		HideSolutionNode = FALSE
	EndGlobalSection
	GlobalSection(ExtensibilityGlobals) = postSolution
		SolutionGuid = {424C79C2-59C6-4D10-9435-EBCD736781A2}
	EndGlobalSection
EndGlobal
