
Microsoft Visual Studio Solution File, Format Version 12.00
# Visual Studio Version 16
VisualStudioVersion = 16.0.31624.102
MinimumVisualStudioVersion = 10.0.40219.1
Project("{FAE04EC0-301F-11D3-BF4B-00C04F79EFBC}") = "TypeValeurVSTypeReference", "TypeValeurVSTypeReference.csproj", "{025968C6-DF08-4E19-B627-A27EBF985BBE}"
EndProject
Global
	GlobalSection(SolutionConfigurationPlatforms) = preSolution
		Debug|Any CPU = Debug|Any CPU
		Release|Any CPU = Release|Any CPU
	EndGlobalSection
	GlobalSection(ProjectConfigurationPlatforms) = postSolution
		{025968C6-DF08-4E19-B627-A27EBF985BBE}.Debug|Any CPU.ActiveCfg = Debug|Any CPU
		{025968C6-DF08-4E19-B627-A27EBF985BBE}.Debug|Any CPU.Build.0 = Debug|Any CPU
		{025968C6-DF08-4E19-B627-A27EBF985BBE}.Release|Any CPU.ActiveCfg = Release|Any CPU
		{025968C6-DF08-4E19-B627-A27EBF985BBE}.Release|Any CPU.Build.0 = Release|Any CPU
	EndGlobalSection
	GlobalSection(SolutionProperties) = preSolution
		HideSolutionNode = FALSE
	EndGlobalSection
	GlobalSection(ExtensibilityGlobals) = postSolution
		SolutionGuid = {DE08E990-A634-4C59-8224-29C39E53C469}
	EndGlobalSection
EndGlobal
