
Microsoft Visual Studio Solution File, Format Version 12.00
# Visual Studio Version 16
VisualStudioVersion = 16.0.31624.102
MinimumVisualStudioVersion = 10.0.40219.1
Project("{FAE04EC0-301F-11D3-BF4B-00C04F79EFBC}") = "MonConsommateur", "MonConsommateur\MonConsommateur.csproj", "{7BB20BAC-D1E5-4D16-BDDE-367CC661DEC5}"
EndProject
Global
	GlobalSection(SolutionConfigurationPlatforms) = preSolution
		Debug|Any CPU = Debug|Any CPU
		Release|Any CPU = Release|Any CPU
	EndGlobalSection
	GlobalSection(ProjectConfigurationPlatforms) = postSolution
		{7BB20BAC-D1E5-4D16-BDDE-367CC661DEC5}.Debug|Any CPU.ActiveCfg = Debug|Any CPU
		{7BB20BAC-D1E5-4D16-BDDE-367CC661DEC5}.Debug|Any CPU.Build.0 = Debug|Any CPU
		{7BB20BAC-D1E5-4D16-BDDE-367CC661DEC5}.Release|Any CPU.ActiveCfg = Release|Any CPU
		{7BB20BAC-D1E5-4D16-BDDE-367CC661DEC5}.Release|Any CPU.Build.0 = Release|Any CPU
	EndGlobalSection
	GlobalSection(SolutionProperties) = preSolution
		HideSolutionNode = FALSE
	EndGlobalSection
	GlobalSection(ExtensibilityGlobals) = postSolution
		SolutionGuid = {AFFF1337-0BC4-49A0-AE80-F284DCDECD27}
	EndGlobalSection
EndGlobal
