
Microsoft Visual Studio Solution File, Format Version 12.00
# Visual Studio Version 16
VisualStudioVersion = 16.0.31624.102
MinimumVisualStudioVersion = 10.0.40219.1
Project("{FAE04EC0-301F-11D3-BF4B-00C04F79EFBC}") = "MaBib", "MaBib\MaBib.csproj", "{C8A5ECDC-2A69-47AD-B2D4-984FE908B8C4}"
EndProject
Global
	GlobalSection(SolutionConfigurationPlatforms) = preSolution
		Debug|Any CPU = Debug|Any CPU
		Release|Any CPU = Release|Any CPU
	EndGlobalSection
	GlobalSection(ProjectConfigurationPlatforms) = postSolution
		{C8A5ECDC-2A69-47AD-B2D4-984FE908B8C4}.Debug|Any CPU.ActiveCfg = Debug|Any CPU
		{C8A5ECDC-2A69-47AD-B2D4-984FE908B8C4}.Debug|Any CPU.Build.0 = Debug|Any CPU
		{C8A5ECDC-2A69-47AD-B2D4-984FE908B8C4}.Release|Any CPU.ActiveCfg = Release|Any CPU
		{C8A5ECDC-2A69-47AD-B2D4-984FE908B8C4}.Release|Any CPU.Build.0 = Release|Any CPU
	EndGlobalSection
	GlobalSection(SolutionProperties) = preSolution
		HideSolutionNode = FALSE
	EndGlobalSection
	GlobalSection(ExtensibilityGlobals) = postSolution
		SolutionGuid = {764CE8E4-D6A1-4672-AD67-599ABFE2D0F3}
	EndGlobalSection
EndGlobal
