
Microsoft Visual Studio Solution File, Format Version 12.00
# Visual Studio Version 16
VisualStudioVersion = 16.0.31624.102
MinimumVisualStudioVersion = 10.0.40219.1
Project("{FAE04EC0-301F-11D3-BF4B-00C04F79EFBC}") = "SignatureAssembly", "SignatureAssembly\SignatureAssembly.csproj", "{EB599542-9A07-4B7E-B871-D7382D89061D}"
EndProject
Global
	GlobalSection(SolutionConfigurationPlatforms) = preSolution
		Debug|Any CPU = Debug|Any CPU
		Release|Any CPU = Release|Any CPU
	EndGlobalSection
	GlobalSection(ProjectConfigurationPlatforms) = postSolution
		{EB599542-9A07-4B7E-B871-D7382D89061D}.Debug|Any CPU.ActiveCfg = Debug|Any CPU
		{EB599542-9A07-4B7E-B871-D7382D89061D}.Debug|Any CPU.Build.0 = Debug|Any CPU
		{EB599542-9A07-4B7E-B871-D7382D89061D}.Release|Any CPU.ActiveCfg = Release|Any CPU
		{EB599542-9A07-4B7E-B871-D7382D89061D}.Release|Any CPU.Build.0 = Release|Any CPU
	EndGlobalSection
	GlobalSection(SolutionProperties) = preSolution
		HideSolutionNode = FALSE
	EndGlobalSection
	GlobalSection(ExtensibilityGlobals) = postSolution
		SolutionGuid = {A359BA96-59DF-453D-91F7-CB411FBAAC47}
	EndGlobalSection
EndGlobal
