
Microsoft Visual Studio Solution File, Format Version 12.00
# Visual Studio Version 16
VisualStudioVersion = 16.0.31624.102
MinimumVisualStudioVersion = 10.0.40219.1
Project("{FAE04EC0-301F-11D3-BF4B-00C04F79EFBC}") = "BibUtile", "BibUtile\BibUtile.csproj", "{9C844325-B202-48CF-8A9E-6954F40B5FB2}"
EndProject
Global
	GlobalSection(SolutionConfigurationPlatforms) = preSolution
		Debug|Any CPU = Debug|Any CPU
		Release|Any CPU = Release|Any CPU
	EndGlobalSection
	GlobalSection(ProjectConfigurationPlatforms) = postSolution
		{9C844325-B202-48CF-8A9E-6954F40B5FB2}.Debug|Any CPU.ActiveCfg = Debug|Any CPU
		{9C844325-B202-48CF-8A9E-6954F40B5FB2}.Debug|Any CPU.Build.0 = Debug|Any CPU
		{9C844325-B202-48CF-8A9E-6954F40B5FB2}.Release|Any CPU.ActiveCfg = Release|Any CPU
		{9C844325-B202-48CF-8A9E-6954F40B5FB2}.Release|Any CPU.Build.0 = Release|Any CPU
	EndGlobalSection
	GlobalSection(SolutionProperties) = preSolution
		HideSolutionNode = FALSE
	EndGlobalSection
	GlobalSection(ExtensibilityGlobals) = postSolution
		SolutionGuid = {E8A06F18-8DA1-44EF-A3F3-F2ED77BD9E34}
	EndGlobalSection
EndGlobal
