
Microsoft Visual Studio Solution File, Format Version 12.00
# Visual Studio Version 16
VisualStudioVersion = 16.0.31624.102
MinimumVisualStudioVersion = 10.0.40219.1
Project("{FAE04EC0-301F-11D3-BF4B-00C04F79EFBC}") = "GestionBanque", "GestionBanque\GestionBanque.csproj", "{181DD624-4372-464C-96D7-2EC59645442C}"
EndProject
Project("{FAE04EC0-301F-11D3-BF4B-00C04F79EFBC}") = "BankTests", "BankTests\BankTests.csproj", "{FBA0238C-CCBC-493F-9EBE-E823C32507EE}"
EndProject
Global
	GlobalSection(SolutionConfigurationPlatforms) = preSolution
		Debug|Any CPU = Debug|Any CPU
		Release|Any CPU = Release|Any CPU
	EndGlobalSection
	GlobalSection(ProjectConfigurationPlatforms) = postSolution
		{181DD624-4372-464C-96D7-2EC59645442C}.Debug|Any CPU.ActiveCfg = Debug|Any CPU
		{181DD624-4372-464C-96D7-2EC59645442C}.Debug|Any CPU.Build.0 = Debug|Any CPU
		{181DD624-4372-464C-96D7-2EC59645442C}.Release|Any CPU.ActiveCfg = Release|Any CPU
		{181DD624-4372-464C-96D7-2EC59645442C}.Release|Any CPU.Build.0 = Release|Any CPU
		{FBA0238C-CCBC-493F-9EBE-E823C32507EE}.Debug|Any CPU.ActiveCfg = Debug|Any CPU
		{FBA0238C-CCBC-493F-9EBE-E823C32507EE}.Debug|Any CPU.Build.0 = Debug|Any CPU
		{FBA0238C-CCBC-493F-9EBE-E823C32507EE}.Release|Any CPU.ActiveCfg = Release|Any CPU
		{FBA0238C-CCBC-493F-9EBE-E823C32507EE}.Release|Any CPU.Build.0 = Release|Any CPU
	EndGlobalSection
	GlobalSection(SolutionProperties) = preSolution
		HideSolutionNode = FALSE
	EndGlobalSection
	GlobalSection(ExtensibilityGlobals) = postSolution
		SolutionGuid = {8F0EE03D-D357-4DBE-BF2E-01ECE6F11987}
	EndGlobalSection
EndGlobal
